// !$*UTF8*$!
{
	archiveVersion = 1;
	classes = {
	};
	objectVersion = 46;
	objects = {

/* Begin PBXBuildFile section */
		62147F94184D68EB001EB162 /* AFHTTPRequestOperation.m in Sources */ = {isa = PBXBuildFile; fileRef = 62147F82184D68EB001EB162 /* AFHTTPRequestOperation.m */; };
		62147F95184D68EB001EB162 /* AFHTTPRequestOperationManager.m in Sources */ = {isa = PBXBuildFile; fileRef = 62147F84184D68EB001EB162 /* AFHTTPRequestOperationManager.m */; };
		62147F96184D68EB001EB162 /* AFHTTPSessionManager.m in Sources */ = {isa = PBXBuildFile; fileRef = 62147F86184D68EB001EB162 /* AFHTTPSessionManager.m */; };
		62147F97184D68EB001EB162 /* AFNetworkReachabilityManager.m in Sources */ = {isa = PBXBuildFile; fileRef = 62147F89184D68EB001EB162 /* AFNetworkReachabilityManager.m */; };
		62147F98184D68EB001EB162 /* AFSecurityPolicy.m in Sources */ = {isa = PBXBuildFile; fileRef = 62147F8B184D68EB001EB162 /* AFSecurityPolicy.m */; };
		62147F99184D68EB001EB162 /* AFURLConnectionOperation.m in Sources */ = {isa = PBXBuildFile; fileRef = 62147F8D184D68EB001EB162 /* AFURLConnectionOperation.m */; };
		62147F9A184D68EB001EB162 /* AFURLRequestSerialization.m in Sources */ = {isa = PBXBuildFile; fileRef = 62147F8F184D68EB001EB162 /* AFURLRequestSerialization.m */; };
		62147F9B184D68EB001EB162 /* AFURLResponseSerialization.m in Sources */ = {isa = PBXBuildFile; fileRef = 62147F91184D68EB001EB162 /* AFURLResponseSerialization.m */; };
		62147F9C184D68EB001EB162 /* AFURLSessionManager.m in Sources */ = {isa = PBXBuildFile; fileRef = 62147F93184D68EB001EB162 /* AFURLSessionManager.m */; };
		62147FA1184D6A79001EB162 /* pause_button@2x.png in Resources */ = {isa = PBXBuildFile; fileRef = 62147F9D184D6A79001EB162 /* pause_button@2x.png */; };
		62147FA2184D6A79001EB162 /* prev_button@2x.png in Resources */ = {isa = PBXBuildFile; fileRef = 62147F9E184D6A79001EB162 /* prev_button@2x.png */; };
		62147FA3184D6A79001EB162 /* seeker@2x.png in Resources */ = {isa = PBXBuildFile; fileRef = 62147F9F184D6A79001EB162 /* seeker@2x.png */; };
		62147FA4184D6A79001EB162 /* skip_button@2x.png in Resources */ = {isa = PBXBuildFile; fileRef = 62147FA0184D6A79001EB162 /* skip_button@2x.png */; };
		62147FB1184E4EA0001EB162 /* FMDatabase.m in Sources */ = {isa = PBXBuildFile; fileRef = 62147FA7184E4EA0001EB162 /* FMDatabase.m */; };
		62147FB2184E4EA0001EB162 /* FMDatabaseAdditions.m in Sources */ = {isa = PBXBuildFile; fileRef = 62147FA9184E4EA0001EB162 /* FMDatabaseAdditions.m */; };
		62147FB3184E4EA0001EB162 /* FMDatabasePool.m in Sources */ = {isa = PBXBuildFile; fileRef = 62147FAB184E4EA0001EB162 /* FMDatabasePool.m */; };
		62147FB4184E4EA0001EB162 /* FMDatabaseQueue.m in Sources */ = {isa = PBXBuildFile; fileRef = 62147FAD184E4EA0001EB162 /* FMDatabaseQueue.m */; };
		62147FB6184E4EA0001EB162 /* FMResultSet.m in Sources */ = {isa = PBXBuildFile; fileRef = 62147FB0184E4EA0001EB162 /* FMResultSet.m */; };
		62147FB9184E4F77001EB162 /* FMDatabase+InMemoryOnDiskIO.m in Sources */ = {isa = PBXBuildFile; fileRef = 62147FB8184E4F77001EB162 /* FMDatabase+InMemoryOnDiskIO.m */; };
		62147FBB184E4FDB001EB162 /* libsqlite3.dylib in Frameworks */ = {isa = PBXBuildFile; fileRef = 62147FBA184E4FDB001EB162 /* libsqlite3.dylib */; };
		62147FBF184E5242001EB162 /* podcast.sqlite in Resources */ = {isa = PBXBuildFile; fileRef = 62147FBE184E5242001EB162 /* podcast.sqlite */; };
		62B30073184C3351005CF58B /* RSSItem.m in Sources */ = {isa = PBXBuildFile; fileRef = 62B30039184C3351005CF58B /* RSSItem.m */; };
		62B30074184C3351005CF58B /* RSSParser.m in Sources */ = {isa = PBXBuildFile; fileRef = 62B3003B184C3351005CF58B /* RSSParser.m */; };
		62B30075184C3351005CF58B /* MKAnnotationView+WebCache.m in Sources */ = {isa = PBXBuildFile; fileRef = 62B3003E184C3351005CF58B /* MKAnnotationView+WebCache.m */; };
		62B30076184C3351005CF58B /* NSData+GIF.m in Sources */ = {isa = PBXBuildFile; fileRef = 62B30040184C3351005CF58B /* NSData+GIF.m */; };
		62B30077184C3351005CF58B /* SDImageCache.m in Sources */ = {isa = PBXBuildFile; fileRef = 62B30042184C3351005CF58B /* SDImageCache.m */; };
		62B30078184C3351005CF58B /* SDWebImageCompat.m in Sources */ = {isa = PBXBuildFile; fileRef = 62B30044184C3351005CF58B /* SDWebImageCompat.m */; };
		62B30079184C3351005CF58B /* SDWebImageDecoder.m in Sources */ = {isa = PBXBuildFile; fileRef = 62B30046184C3351005CF58B /* SDWebImageDecoder.m */; };
		62B3007A184C3351005CF58B /* SDWebImageDownloader.m in Sources */ = {isa = PBXBuildFile; fileRef = 62B30048184C3351005CF58B /* SDWebImageDownloader.m */; };
		62B3007B184C3351005CF58B /* SDWebImageDownloaderOperation.m in Sources */ = {isa = PBXBuildFile; fileRef = 62B3004A184C3351005CF58B /* SDWebImageDownloaderOperation.m */; };
		62B3007C184C3351005CF58B /* SDWebImageManager.m in Sources */ = {isa = PBXBuildFile; fileRef = 62B3004C184C3351005CF58B /* SDWebImageManager.m */; };
		62B3007D184C3351005CF58B /* SDWebImagePrefetcher.m in Sources */ = {isa = PBXBuildFile; fileRef = 62B3004F184C3351005CF58B /* SDWebImagePrefetcher.m */; };
		62B3007E184C3351005CF58B /* UIButton+WebCache.m in Sources */ = {isa = PBXBuildFile; fileRef = 62B30051184C3351005CF58B /* UIButton+WebCache.m */; };
		62B3007F184C3351005CF58B /* UIImage+GIF.m in Sources */ = {isa = PBXBuildFile; fileRef = 62B30053184C3351005CF58B /* UIImage+GIF.m */; };
		62B30080184C3351005CF58B /* UIImage+MultiFormat.m in Sources */ = {isa = PBXBuildFile; fileRef = 62B30055184C3351005CF58B /* UIImage+MultiFormat.m */; };
		62B30081184C3351005CF58B /* UIImage+WebP.m in Sources */ = {isa = PBXBuildFile; fileRef = 62B30057184C3351005CF58B /* UIImage+WebP.m */; };
		62B30082184C3351005CF58B /* UIImageView+WebCache.m in Sources */ = {isa = PBXBuildFile; fileRef = 62B30059184C3351005CF58B /* UIImageView+WebCache.m */; };
		62B3008B184C34D5005CF58B /* image_border.png in Resources */ = {isa = PBXBuildFile; fileRef = 62B3008A184C34D5005CF58B /* image_border.png */; };
		62B44F04184BC25A009B48F1 /* Foundation.framework in Frameworks */ = {isa = PBXBuildFile; fileRef = 62B44F03184BC25A009B48F1 /* Foundation.framework */; };
		62B44F06184BC25A009B48F1 /* CoreGraphics.framework in Frameworks */ = {isa = PBXBuildFile; fileRef = 62B44F05184BC25A009B48F1 /* CoreGraphics.framework */; };
		62B44F08184BC25A009B48F1 /* UIKit.framework in Frameworks */ = {isa = PBXBuildFile; fileRef = 62B44F07184BC25A009B48F1 /* UIKit.framework */; };
		62B44F0E184BC25A009B48F1 /* InfoPlist.strings in Resources */ = {isa = PBXBuildFile; fileRef = 62B44F0C184BC25A009B48F1 /* InfoPlist.strings */; };
		62B44F10184BC25A009B48F1 /* main.m in Sources */ = {isa = PBXBuildFile; fileRef = 62B44F0F184BC25A009B48F1 /* main.m */; };
		62B44F14184BC25A009B48F1 /* PEAppDelegate.m in Sources */ = {isa = PBXBuildFile; fileRef = 62B44F13184BC25A009B48F1 /* PEAppDelegate.m */; };
		62B44F17184BC25A009B48F1 /* Main.storyboard in Resources */ = {isa = PBXBuildFile; fileRef = 62B44F15184BC25A009B48F1 /* Main.storyboard */; };
		62B44F1A184BC25A009B48F1 /* PEViewController.m in Sources */ = {isa = PBXBuildFile; fileRef = 62B44F19184BC25A009B48F1 /* PEViewController.m */; };
		62B44F1C184BC25A009B48F1 /* Images.xcassets in Resources */ = {isa = PBXBuildFile; fileRef = 62B44F1B184BC25A009B48F1 /* Images.xcassets */; };
		62B44F23184BC25A009B48F1 /* XCTest.framework in Frameworks */ = {isa = PBXBuildFile; fileRef = 62B44F22184BC25A009B48F1 /* XCTest.framework */; };
		62B44F24184BC25A009B48F1 /* Foundation.framework in Frameworks */ = {isa = PBXBuildFile; fileRef = 62B44F03184BC25A009B48F1 /* Foundation.framework */; };
		62B44F25184BC25A009B48F1 /* UIKit.framework in Frameworks */ = {isa = PBXBuildFile; fileRef = 62B44F07184BC25A009B48F1 /* UIKit.framework */; };
		62B44F2D184BC25A009B48F1 /* InfoPlist.strings in Resources */ = {isa = PBXBuildFile; fileRef = 62B44F2B184BC25A009B48F1 /* InfoPlist.strings */; };
		62B44F2F184BC25A009B48F1 /* PodcastExampleTests.m in Sources */ = {isa = PBXBuildFile; fileRef = 62B44F2E184BC25A009B48F1 /* PodcastExampleTests.m */; };
		62B44F39184BC34F009B48F1 /* MediaPlayer.framework in Frameworks */ = {isa = PBXBuildFile; fileRef = 62B44F38184BC34F009B48F1 /* MediaPlayer.framework */; };
		62B44F3C184BCDFC009B48F1 /* PEImageCell.m in Sources */ = {isa = PBXBuildFile; fileRef = 62B44F3B184BCDFC009B48F1 /* PEImageCell.m */; };
		62B44F45184BDC54009B48F1 /* PEDetailViewController.m in Sources */ = {isa = PBXBuildFile; fileRef = 62B44F44184BDC54009B48F1 /* PEDetailViewController.m */; };
		62B44F4C184BE463009B48F1 /* bg_pattern@2x.png in Resources */ = {isa = PBXBuildFile; fileRef = 62B44F46184BE463009B48F1 /* bg_pattern@2x.png */; };
		62B44F4D184BE463009B48F1 /* nav_pattern@2x.png in Resources */ = {isa = PBXBuildFile; fileRef = 62B44F47184BE463009B48F1 /* nav_pattern@2x.png */; };
		62B44F4E184BE463009B48F1 /* pause_button.png in Resources */ = {isa = PBXBuildFile; fileRef = 62B44F48184BE463009B48F1 /* pause_button.png */; };
		62B44F4F184BE463009B48F1 /* prev_button.png in Resources */ = {isa = PBXBuildFile; fileRef = 62B44F49184BE463009B48F1 /* prev_button.png */; };
		62B44F50184BE463009B48F1 /* seeker.png in Resources */ = {isa = PBXBuildFile; fileRef = 62B44F4A184BE463009B48F1 /* seeker.png */; };
		62B44F51184BE463009B48F1 /* skip_button.png in Resources */ = {isa = PBXBuildFile; fileRef = 62B44F4B184BE463009B48F1 /* skip_button.png */; };
/* End PBXBuildFile section */

/* Begin PBXContainerItemProxy section */
		62B44F26184BC25A009B48F1 /* PBXContainerItemProxy */ = {
			isa = PBXContainerItemProxy;
			containerPortal = 62B44EF8184BC25A009B48F1 /* Project object */;
			proxyType = 1;
			remoteGlobalIDString = 62B44EFF184BC25A009B48F1;
			remoteInfo = PodcastExample;
		};
/* End PBXContainerItemProxy section */

/* Begin PBXFileReference section */
		62147F81184D68EB001EB162 /* AFHTTPRequestOperation.h */ = {isa = PBXFileReference; fileEncoding = 4; lastKnownFileType = sourcecode.c.h; path = AFHTTPRequestOperation.h; sourceTree = "<group>"; };
		62147F82184D68EB001EB162 /* AFHTTPRequestOperation.m */ = {isa = PBXFileReference; fileEncoding = 4; lastKnownFileType = sourcecode.c.objc; path = AFHTTPRequestOperation.m; sourceTree = "<group>"; };
		62147F83184D68EB001EB162 /* AFHTTPRequestOperationManager.h */ = {isa = PBXFileReference; fileEncoding = 4; lastKnownFileType = sourcecode.c.h; path = AFHTTPRequestOperationManager.h; sourceTree = "<group>"; };
		62147F84184D68EB001EB162 /* AFHTTPRequestOperationManager.m */ = {isa = PBXFileReference; fileEncoding = 4; lastKnownFileType = sourcecode.c.objc; path = AFHTTPRequestOperationManager.m; sourceTree = "<group>"; };
		62147F85184D68EB001EB162 /* AFHTTPSessionManager.h */ = {isa = PBXFileReference; fileEncoding = 4; lastKnownFileType = sourcecode.c.h; path = AFHTTPSessionManager.h; sourceTree = "<group>"; };
		62147F86184D68EB001EB162 /* AFHTTPSessionManager.m */ = {isa = PBXFileReference; fileEncoding = 4; lastKnownFileType = sourcecode.c.objc; path = AFHTTPSessionManager.m; sourceTree = "<group>"; };
		62147F87184D68EB001EB162 /* AFNetworking.h */ = {isa = PBXFileReference; fileEncoding = 4; lastKnownFileType = sourcecode.c.h; path = AFNetworking.h; sourceTree = "<group>"; };
		62147F88184D68EB001EB162 /* AFNetworkReachabilityManager.h */ = {isa = PBXFileReference; fileEncoding = 4; lastKnownFileType = sourcecode.c.h; path = AFNetworkReachabilityManager.h; sourceTree = "<group>"; };
		62147F89184D68EB001EB162 /* AFNetworkReachabilityManager.m */ = {isa = PBXFileReference; fileEncoding = 4; lastKnownFileType = sourcecode.c.objc; path = AFNetworkReachabilityManager.m; sourceTree = "<group>"; };
		62147F8A184D68EB001EB162 /* AFSecurityPolicy.h */ = {isa = PBXFileReference; fileEncoding = 4; lastKnownFileType = sourcecode.c.h; path = AFSecurityPolicy.h; sourceTree = "<group>"; };
		62147F8B184D68EB001EB162 /* AFSecurityPolicy.m */ = {isa = PBXFileReference; fileEncoding = 4; lastKnownFileType = sourcecode.c.objc; path = AFSecurityPolicy.m; sourceTree = "<group>"; };
		62147F8C184D68EB001EB162 /* AFURLConnectionOperation.h */ = {isa = PBXFileReference; fileEncoding = 4; lastKnownFileType = sourcecode.c.h; path = AFURLConnectionOperation.h; sourceTree = "<group>"; };
		62147F8D184D68EB001EB162 /* AFURLConnectionOperation.m */ = {isa = PBXFileReference; fileEncoding = 4; lastKnownFileType = sourcecode.c.objc; path = AFURLConnectionOperation.m; sourceTree = "<group>"; };
		62147F8E184D68EB001EB162 /* AFURLRequestSerialization.h */ = {isa = PBXFileReference; fileEncoding = 4; lastKnownFileType = sourcecode.c.h; path = AFURLRequestSerialization.h; sourceTree = "<group>"; };
		62147F8F184D68EB001EB162 /* AFURLRequestSerialization.m */ = {isa = PBXFileReference; fileEncoding = 4; lastKnownFileType = sourcecode.c.objc; path = AFURLRequestSerialization.m; sourceTree = "<group>"; };
		62147F90184D68EB001EB162 /* AFURLResponseSerialization.h */ = {isa = PBXFileReference; fileEncoding = 4; lastKnownFileType = sourcecode.c.h; path = AFURLResponseSerialization.h; sourceTree = "<group>"; };
		62147F91184D68EB001EB162 /* AFURLResponseSerialization.m */ = {isa = PBXFileReference; fileEncoding = 4; lastKnownFileType = sourcecode.c.objc; path = AFURLResponseSerialization.m; sourceTree = "<group>"; };
		62147F92184D68EB001EB162 /* AFURLSessionManager.h */ = {isa = PBXFileReference; fileEncoding = 4; lastKnownFileType = sourcecode.c.h; path = AFURLSessionManager.h; sourceTree = "<group>"; };
		62147F93184D68EB001EB162 /* AFURLSessionManager.m */ = {isa = PBXFileReference; fileEncoding = 4; lastKnownFileType = sourcecode.c.objc; path = AFURLSessionManager.m; sourceTree = "<group>"; };
		62147F9D184D6A79001EB162 /* pause_button@2x.png */ = {isa = PBXFileReference; lastKnownFileType = image.png; path = "pause_button@2x.png"; sourceTree = "<group>"; };
		62147F9E184D6A79001EB162 /* prev_button@2x.png */ = {isa = PBXFileReference; lastKnownFileType = image.png; path = "prev_button@2x.png"; sourceTree = "<group>"; };
		62147F9F184D6A79001EB162 /* seeker@2x.png */ = {isa = PBXFileReference; lastKnownFileType = image.png; path = "seeker@2x.png"; sourceTree = "<group>"; };
		62147FA0184D6A79001EB162 /* skip_button@2x.png */ = {isa = PBXFileReference; lastKnownFileType = image.png; path = "skip_button@2x.png"; sourceTree = "<group>"; };
		62147FA6184E4EA0001EB162 /* FMDatabase.h */ = {isa = PBXFileReference; fileEncoding = 4; lastKnownFileType = sourcecode.c.h; path = FMDatabase.h; sourceTree = "<group>"; };
		62147FA7184E4EA0001EB162 /* FMDatabase.m */ = {isa = PBXFileReference; fileEncoding = 4; lastKnownFileType = sourcecode.c.objc; path = FMDatabase.m; sourceTree = "<group>"; };
		62147FA8184E4EA0001EB162 /* FMDatabaseAdditions.h */ = {isa = PBXFileReference; fileEncoding = 4; lastKnownFileType = sourcecode.c.h; path = FMDatabaseAdditions.h; sourceTree = "<group>"; };
		62147FA9184E4EA0001EB162 /* FMDatabaseAdditions.m */ = {isa = PBXFileReference; fileEncoding = 4; lastKnownFileType = sourcecode.c.objc; path = FMDatabaseAdditions.m; sourceTree = "<group>"; };
		62147FAA184E4EA0001EB162 /* FMDatabasePool.h */ = {isa = PBXFileReference; fileEncoding = 4; lastKnownFileType = sourcecode.c.h; path = FMDatabasePool.h; sourceTree = "<group>"; };
		62147FAB184E4EA0001EB162 /* FMDatabasePool.m */ = {isa = PBXFileReference; fileEncoding = 4; lastKnownFileType = sourcecode.c.objc; path = FMDatabasePool.m; sourceTree = "<group>"; };
		62147FAC184E4EA0001EB162 /* FMDatabaseQueue.h */ = {isa = PBXFileReference; fileEncoding = 4; lastKnownFileType = sourcecode.c.h; path = FMDatabaseQueue.h; sourceTree = "<group>"; };
		62147FAD184E4EA0001EB162 /* FMDatabaseQueue.m */ = {isa = PBXFileReference; fileEncoding = 4; lastKnownFileType = sourcecode.c.objc; path = FMDatabaseQueue.m; sourceTree = "<group>"; };
		62147FAF184E4EA0001EB162 /* FMResultSet.h */ = {isa = PBXFileReference; fileEncoding = 4; lastKnownFileType = sourcecode.c.h; path = FMResultSet.h; sourceTree = "<group>"; };
		62147FB0184E4EA0001EB162 /* FMResultSet.m */ = {isa = PBXFileReference; fileEncoding = 4; lastKnownFileType = sourcecode.c.objc; path = FMResultSet.m; sourceTree = "<group>"; };
		62147FB7184E4F77001EB162 /* FMDatabase+InMemoryOnDiskIO.h */ = {isa = PBXFileReference; fileEncoding = 4; lastKnownFileType = sourcecode.c.h; path = "FMDatabase+InMemoryOnDiskIO.h"; sourceTree = "<group>"; };
		62147FB8184E4F77001EB162 /* FMDatabase+InMemoryOnDiskIO.m */ = {isa = PBXFileReference; fileEncoding = 4; lastKnownFileType = sourcecode.c.objc; path = "FMDatabase+InMemoryOnDiskIO.m"; sourceTree = "<group>"; };
		62147FBA184E4FDB001EB162 /* libsqlite3.dylib */ = {isa = PBXFileReference; lastKnownFileType = "compiled.mach-o.dylib"; name = libsqlite3.dylib; path = usr/lib/libsqlite3.dylib; sourceTree = SDKROOT; };
		62147FBE184E5242001EB162 /* podcast.sqlite */ = {isa = PBXFileReference; lastKnownFileType = file; name = podcast.sqlite; path = Libraries/podcast.sqlite; sourceTree = "<group>"; };
		62B30038184C3351005CF58B /* RSSItem.h */ = {isa = PBXFileReference; fileEncoding = 4; lastKnownFileType = sourcecode.c.h; path = RSSItem.h; sourceTree = "<group>"; };
		62B30039184C3351005CF58B /* RSSItem.m */ = {isa = PBXFileReference; fileEncoding = 4; lastKnownFileType = sourcecode.c.objc; path = RSSItem.m; sourceTree = "<group>"; };
		62B3003A184C3351005CF58B /* RSSParser.h */ = {isa = PBXFileReference; fileEncoding = 4; lastKnownFileType = sourcecode.c.h; path = RSSParser.h; sourceTree = "<group>"; };
		62B3003B184C3351005CF58B /* RSSParser.m */ = {isa = PBXFileReference; fileEncoding = 4; lastKnownFileType = sourcecode.c.objc; path = RSSParser.m; sourceTree = "<group>"; };
		62B3003D184C3351005CF58B /* MKAnnotationView+WebCache.h */ = {isa = PBXFileReference; fileEncoding = 4; lastKnownFileType = sourcecode.c.h; path = "MKAnnotationView+WebCache.h"; sourceTree = "<group>"; };
		62B3003E184C3351005CF58B /* MKAnnotationView+WebCache.m */ = {isa = PBXFileReference; fileEncoding = 4; lastKnownFileType = sourcecode.c.objc; path = "MKAnnotationView+WebCache.m"; sourceTree = "<group>"; };
		62B3003F184C3351005CF58B /* NSData+GIF.h */ = {isa = PBXFileReference; fileEncoding = 4; lastKnownFileType = sourcecode.c.h; path = "NSData+GIF.h"; sourceTree = "<group>"; };
		62B30040184C3351005CF58B /* NSData+GIF.m */ = {isa = PBXFileReference; fileEncoding = 4; lastKnownFileType = sourcecode.c.objc; path = "NSData+GIF.m"; sourceTree = "<group>"; };
		62B30041184C3351005CF58B /* SDImageCache.h */ = {isa = PBXFileReference; fileEncoding = 4; lastKnownFileType = sourcecode.c.h; path = SDImageCache.h; sourceTree = "<group>"; };
		62B30042184C3351005CF58B /* SDImageCache.m */ = {isa = PBXFileReference; fileEncoding = 4; lastKnownFileType = sourcecode.c.objc; path = SDImageCache.m; sourceTree = "<group>"; };
		62B30043184C3351005CF58B /* SDWebImageCompat.h */ = {isa = PBXFileReference; fileEncoding = 4; lastKnownFileType = sourcecode.c.h; path = SDWebImageCompat.h; sourceTree = "<group>"; };
		62B30044184C3351005CF58B /* SDWebImageCompat.m */ = {isa = PBXFileReference; fileEncoding = 4; lastKnownFileType = sourcecode.c.objc; path = SDWebImageCompat.m; sourceTree = "<group>"; };
		62B30045184C3351005CF58B /* SDWebImageDecoder.h */ = {isa = PBXFileReference; fileEncoding = 4; lastKnownFileType = sourcecode.c.h; path = SDWebImageDecoder.h; sourceTree = "<group>"; };
		62B30046184C3351005CF58B /* SDWebImageDecoder.m */ = {isa = PBXFileReference; fileEncoding = 4; lastKnownFileType = sourcecode.c.objc; path = SDWebImageDecoder.m; sourceTree = "<group>"; };
		62B30047184C3351005CF58B /* SDWebImageDownloader.h */ = {isa = PBXFileReference; fileEncoding = 4; lastKnownFileType = sourcecode.c.h; path = SDWebImageDownloader.h; sourceTree = "<group>"; };
		62B30048184C3351005CF58B /* SDWebImageDownloader.m */ = {isa = PBXFileReference; fileEncoding = 4; lastKnownFileType = sourcecode.c.objc; path = SDWebImageDownloader.m; sourceTree = "<group>"; };
		62B30049184C3351005CF58B /* SDWebImageDownloaderOperation.h */ = {isa = PBXFileReference; fileEncoding = 4; lastKnownFileType = sourcecode.c.h; path = SDWebImageDownloaderOperation.h; sourceTree = "<group>"; };
		62B3004A184C3351005CF58B /* SDWebImageDownloaderOperation.m */ = {isa = PBXFileReference; fileEncoding = 4; lastKnownFileType = sourcecode.c.objc; path = SDWebImageDownloaderOperation.m; sourceTree = "<group>"; };
		62B3004B184C3351005CF58B /* SDWebImageManager.h */ = {isa = PBXFileReference; fileEncoding = 4; lastKnownFileType = sourcecode.c.h; path = SDWebImageManager.h; sourceTree = "<group>"; };
		62B3004C184C3351005CF58B /* SDWebImageManager.m */ = {isa = PBXFileReference; fileEncoding = 4; lastKnownFileType = sourcecode.c.objc; path = SDWebImageManager.m; sourceTree = "<group>"; };
		62B3004D184C3351005CF58B /* SDWebImageOperation.h */ = {isa = PBXFileReference; fileEncoding = 4; lastKnownFileType = sourcecode.c.h; path = SDWebImageOperation.h; sourceTree = "<group>"; };
		62B3004E184C3351005CF58B /* SDWebImagePrefetcher.h */ = {isa = PBXFileReference; fileEncoding = 4; lastKnownFileType = sourcecode.c.h; path = SDWebImagePrefetcher.h; sourceTree = "<group>"; };
		62B3004F184C3351005CF58B /* SDWebImagePrefetcher.m */ = {isa = PBXFileReference; fileEncoding = 4; lastKnownFileType = sourcecode.c.objc; path = SDWebImagePrefetcher.m; sourceTree = "<group>"; };
		62B30050184C3351005CF58B /* UIButton+WebCache.h */ = {isa = PBXFileReference; fileEncoding = 4; lastKnownFileType = sourcecode.c.h; path = "UIButton+WebCache.h"; sourceTree = "<group>"; };
		62B30051184C3351005CF58B /* UIButton+WebCache.m */ = {isa = PBXFileReference; fileEncoding = 4; lastKnownFileType = sourcecode.c.objc; path = "UIButton+WebCache.m"; sourceTree = "<group>"; };
		62B30052184C3351005CF58B /* UIImage+GIF.h */ = {isa = PBXFileReference; fileEncoding = 4; lastKnownFileType = sourcecode.c.h; path = "UIImage+GIF.h"; sourceTree = "<group>"; };
		62B30053184C3351005CF58B /* UIImage+GIF.m */ = {isa = PBXFileReference; fileEncoding = 4; lastKnownFileType = sourcecode.c.objc; path = "UIImage+GIF.m"; sourceTree = "<group>"; };
		62B30054184C3351005CF58B /* UIImage+MultiFormat.h */ = {isa = PBXFileReference; fileEncoding = 4; lastKnownFileType = sourcecode.c.h; path = "UIImage+MultiFormat.h"; sourceTree = "<group>"; };
		62B30055184C3351005CF58B /* UIImage+MultiFormat.m */ = {isa = PBXFileReference; fileEncoding = 4; lastKnownFileType = sourcecode.c.objc; path = "UIImage+MultiFormat.m"; sourceTree = "<group>"; };
		62B30056184C3351005CF58B /* UIImage+WebP.h */ = {isa = PBXFileReference; fileEncoding = 4; lastKnownFileType = sourcecode.c.h; path = "UIImage+WebP.h"; sourceTree = "<group>"; };
		62B30057184C3351005CF58B /* UIImage+WebP.m */ = {isa = PBXFileReference; fileEncoding = 4; lastKnownFileType = sourcecode.c.objc; path = "UIImage+WebP.m"; sourceTree = "<group>"; };
		62B30058184C3351005CF58B /* UIImageView+WebCache.h */ = {isa = PBXFileReference; fileEncoding = 4; lastKnownFileType = sourcecode.c.h; path = "UIImageView+WebCache.h"; sourceTree = "<group>"; };
		62B30059184C3351005CF58B /* UIImageView+WebCache.m */ = {isa = PBXFileReference; fileEncoding = 4; lastKnownFileType = sourcecode.c.objc; path = "UIImageView+WebCache.m"; sourceTree = "<group>"; };
		62B3008A184C34D5005CF58B /* image_border.png */ = {isa = PBXFileReference; lastKnownFileType = image.png; path = image_border.png; sourceTree = "<group>"; };
		62B44F00184BC25A009B48F1 /* PodcastExample.app */ = {isa = PBXFileReference; explicitFileType = wrapper.application; includeInIndex = 0; path = PodcastExample.app; sourceTree = BUILT_PRODUCTS_DIR; };
		62B44F03184BC25A009B48F1 /* Foundation.framework */ = {isa = PBXFileReference; lastKnownFileType = wrapper.framework; name = Foundation.framework; path = System/Library/Frameworks/Foundation.framework; sourceTree = SDKROOT; };
		62B44F05184BC25A009B48F1 /* CoreGraphics.framework */ = {isa = PBXFileReference; lastKnownFileType = wrapper.framework; name = CoreGraphics.framework; path = System/Library/Frameworks/CoreGraphics.framework; sourceTree = SDKROOT; };
		62B44F07184BC25A009B48F1 /* UIKit.framework */ = {isa = PBXFileReference; lastKnownFileType = wrapper.framework; name = UIKit.framework; path = System/Library/Frameworks/UIKit.framework; sourceTree = SDKROOT; };
		62B44F0B184BC25A009B48F1 /* PodcastExample-Info.plist */ = {isa = PBXFileReference; lastKnownFileType = text.plist.xml; path = "PodcastExample-Info.plist"; sourceTree = "<group>"; };
		62B44F0D184BC25A009B48F1 /* en */ = {isa = PBXFileReference; lastKnownFileType = text.plist.strings; name = en; path = en.lproj/InfoPlist.strings; sourceTree = "<group>"; };
		62B44F0F184BC25A009B48F1 /* main.m */ = {isa = PBXFileReference; lastKnownFileType = sourcecode.c.objc; path = main.m; sourceTree = "<group>"; };
		62B44F11184BC25A009B48F1 /* PodcastExample-Prefix.pch */ = {isa = PBXFileReference; lastKnownFileType = sourcecode.c.h; path = "PodcastExample-Prefix.pch"; sourceTree = "<group>"; };
		62B44F12184BC25A009B48F1 /* PEAppDelegate.h */ = {isa = PBXFileReference; lastKnownFileType = sourcecode.c.h; path = PEAppDelegate.h; sourceTree = "<group>"; };
		62B44F13184BC25A009B48F1 /* PEAppDelegate.m */ = {isa = PBXFileReference; lastKnownFileType = sourcecode.c.objc; path = PEAppDelegate.m; sourceTree = "<group>"; };
		62B44F16184BC25A009B48F1 /* Base */ = {isa = PBXFileReference; lastKnownFileType = file.storyboard; name = Base; path = Base.lproj/Main.storyboard; sourceTree = "<group>"; };
		62B44F18184BC25A009B48F1 /* PEViewController.h */ = {isa = PBXFileReference; lastKnownFileType = sourcecode.c.h; path = PEViewController.h; sourceTree = "<group>"; };
		62B44F19184BC25A009B48F1 /* PEViewController.m */ = {isa = PBXFileReference; lastKnownFileType = sourcecode.c.objc; path = PEViewController.m; sourceTree = "<group>"; };
		62B44F1B184BC25A009B48F1 /* Images.xcassets */ = {isa = PBXFileReference; lastKnownFileType = folder.assetcatalog; path = Images.xcassets; sourceTree = "<group>"; };
		62B44F21184BC25A009B48F1 /* PodcastExampleTests.xctest */ = {isa = PBXFileReference; explicitFileType = wrapper.cfbundle; includeInIndex = 0; path = PodcastExampleTests.xctest; sourceTree = BUILT_PRODUCTS_DIR; };
		62B44F22184BC25A009B48F1 /* XCTest.framework */ = {isa = PBXFileReference; lastKnownFileType = wrapper.framework; name = XCTest.framework; path = Library/Frameworks/XCTest.framework; sourceTree = DEVELOPER_DIR; };
		62B44F2A184BC25A009B48F1 /* PodcastExampleTests-Info.plist */ = {isa = PBXFileReference; lastKnownFileType = text.plist.xml; path = "PodcastExampleTests-Info.plist"; sourceTree = "<group>"; };
		62B44F2C184BC25A009B48F1 /* en */ = {isa = PBXFileReference; lastKnownFileType = text.plist.strings; name = en; path = en.lproj/InfoPlist.strings; sourceTree = "<group>"; };
		62B44F2E184BC25A009B48F1 /* PodcastExampleTests.m */ = {isa = PBXFileReference; lastKnownFileType = sourcecode.c.objc; path = PodcastExampleTests.m; sourceTree = "<group>"; };
		62B44F38184BC34F009B48F1 /* MediaPlayer.framework */ = {isa = PBXFileReference; lastKnownFileType = wrapper.framework; name = MediaPlayer.framework; path = System/Library/Frameworks/MediaPlayer.framework; sourceTree = SDKROOT; };
		62B44F3A184BCDFC009B48F1 /* PEImageCell.h */ = {isa = PBXFileReference; fileEncoding = 4; lastKnownFileType = sourcecode.c.h; path = PEImageCell.h; sourceTree = "<group>"; };
		62B44F3B184BCDFC009B48F1 /* PEImageCell.m */ = {isa = PBXFileReference; fileEncoding = 4; lastKnownFileType = sourcecode.c.objc; path = PEImageCell.m; sourceTree = "<group>"; };
		62B44F43184BDC54009B48F1 /* PEDetailViewController.h */ = {isa = PBXFileReference; fileEncoding = 4; lastKnownFileType = sourcecode.c.h; path = PEDetailViewController.h; sourceTree = "<group>"; };
		62B44F44184BDC54009B48F1 /* PEDetailViewController.m */ = {isa = PBXFileReference; fileEncoding = 4; lastKnownFileType = sourcecode.c.objc; path = PEDetailViewController.m; sourceTree = "<group>"; };
		62B44F46184BE463009B48F1 /* bg_pattern@2x.png */ = {isa = PBXFileReference; lastKnownFileType = image.png; path = "bg_pattern@2x.png"; sourceTree = "<group>"; };
		62B44F47184BE463009B48F1 /* nav_pattern@2x.png */ = {isa = PBXFileReference; lastKnownFileType = image.png; path = "nav_pattern@2x.png"; sourceTree = "<group>"; };
		62B44F48184BE463009B48F1 /* pause_button.png */ = {isa = PBXFileReference; lastKnownFileType = image.png; path = pause_button.png; sourceTree = "<group>"; };
		62B44F49184BE463009B48F1 /* prev_button.png */ = {isa = PBXFileReference; lastKnownFileType = image.png; path = prev_button.png; sourceTree = "<group>"; };
		62B44F4A184BE463009B48F1 /* seeker.png */ = {isa = PBXFileReference; lastKnownFileType = image.png; path = seeker.png; sourceTree = "<group>"; };
		62B44F4B184BE463009B48F1 /* skip_button.png */ = {isa = PBXFileReference; lastKnownFileType = image.png; path = skip_button.png; sourceTree = "<group>"; };
/* End PBXFileReference section */

/* Begin PBXFrameworksBuildPhase section */
		62B44EFD184BC25A009B48F1 /* Frameworks */ = {
			isa = PBXFrameworksBuildPhase;
			buildActionMask = 2147483647;
			files = (
				62147FBB184E4FDB001EB162 /* libsqlite3.dylib in Frameworks */,
				62B44F39184BC34F009B48F1 /* MediaPlayer.framework in Frameworks */,
				62B44F06184BC25A009B48F1 /* CoreGraphics.framework in Frameworks */,
				62B44F08184BC25A009B48F1 /* UIKit.framework in Frameworks */,
				62B44F04184BC25A009B48F1 /* Foundation.framework in Frameworks */,
			);
			runOnlyForDeploymentPostprocessing = 0;
		};
		62B44F1E184BC25A009B48F1 /* Frameworks */ = {
			isa = PBXFrameworksBuildPhase;
			buildActionMask = 2147483647;
			files = (
				62B44F23184BC25A009B48F1 /* XCTest.framework in Frameworks */,
				62B44F25184BC25A009B48F1 /* UIKit.framework in Frameworks */,
				62B44F24184BC25A009B48F1 /* Foundation.framework in Frameworks */,
			);
			runOnlyForDeploymentPostprocessing = 0;
		};
/* End PBXFrameworksBuildPhase section */

/* Begin PBXGroup section */
		62147F80184D68EB001EB162 /* AFNetworking */ = {
			isa = PBXGroup;
			children = (
				62147F81184D68EB001EB162 /* AFHTTPRequestOperation.h */,
				62147F82184D68EB001EB162 /* AFHTTPRequestOperation.m */,
				62147F83184D68EB001EB162 /* AFHTTPRequestOperationManager.h */,
				62147F84184D68EB001EB162 /* AFHTTPRequestOperationManager.m */,
				62147F85184D68EB001EB162 /* AFHTTPSessionManager.h */,
				62147F86184D68EB001EB162 /* AFHTTPSessionManager.m */,
				62147F87184D68EB001EB162 /* AFNetworking.h */,
				62147F88184D68EB001EB162 /* AFNetworkReachabilityManager.h */,
				62147F89184D68EB001EB162 /* AFNetworkReachabilityManager.m */,
				62147F8A184D68EB001EB162 /* AFSecurityPolicy.h */,
				62147F8B184D68EB001EB162 /* AFSecurityPolicy.m */,
				62147F8C184D68EB001EB162 /* AFURLConnectionOperation.h */,
				62147F8D184D68EB001EB162 /* AFURLConnectionOperation.m */,
				62147F8E184D68EB001EB162 /* AFURLRequestSerialization.h */,
				62147F8F184D68EB001EB162 /* AFURLRequestSerialization.m */,
				62147F90184D68EB001EB162 /* AFURLResponseSerialization.h */,
				62147F91184D68EB001EB162 /* AFURLResponseSerialization.m */,
				62147F92184D68EB001EB162 /* AFURLSessionManager.h */,
				62147F93184D68EB001EB162 /* AFURLSessionManager.m */,
			);
			name = AFNetworking;
			path = Libraries/AFNetworking;
			sourceTree = SOURCE_ROOT;
		};
		62147FA5184E4EA0001EB162 /* fmdb */ = {
			isa = PBXGroup;
			children = (
				62147FB7184E4F77001EB162 /* FMDatabase+InMemoryOnDiskIO.h */,
				62147FB8184E4F77001EB162 /* FMDatabase+InMemoryOnDiskIO.m */,
				62147FA6184E4EA0001EB162 /* FMDatabase.h */,
				62147FA7184E4EA0001EB162 /* FMDatabase.m */,
				62147FA8184E4EA0001EB162 /* FMDatabaseAdditions.h */,
				62147FA9184E4EA0001EB162 /* FMDatabaseAdditions.m */,
				62147FAA184E4EA0001EB162 /* FMDatabasePool.h */,
				62147FAB184E4EA0001EB162 /* FMDatabasePool.m */,
				62147FAC184E4EA0001EB162 /* FMDatabaseQueue.h */,
				62147FAD184E4EA0001EB162 /* FMDatabaseQueue.m */,
				62147FAF184E4EA0001EB162 /* FMResultSet.h */,
				62147FB0184E4EA0001EB162 /* FMResultSet.m */,
			);
			name = fmdb;
			path = Libraries/fmdb;
			sourceTree = SOURCE_ROOT;
		};
		62B30037184C3351005CF58B /* RSSParser */ = {
			isa = PBXGroup;
			children = (
				62B30038184C3351005CF58B /* RSSItem.h */,
				62B30039184C3351005CF58B /* RSSItem.m */,
				62B3003A184C3351005CF58B /* RSSParser.h */,
				62B3003B184C3351005CF58B /* RSSParser.m */,
			);
			name = RSSParser;
			path = Libraries/RSSParser;
			sourceTree = SOURCE_ROOT;
		};
		62B3003C184C3351005CF58B /* SDWebImage */ = {
			isa = PBXGroup;
			children = (
				62B3003D184C3351005CF58B /* MKAnnotationView+WebCache.h */,
				62B3003E184C3351005CF58B /* MKAnnotationView+WebCache.m */,
				62B3003F184C3351005CF58B /* NSData+GIF.h */,
				62B30040184C3351005CF58B /* NSData+GIF.m */,
				62B30041184C3351005CF58B /* SDImageCache.h */,
				62B30042184C3351005CF58B /* SDImageCache.m */,
				62B30043184C3351005CF58B /* SDWebImageCompat.h */,
				62B30044184C3351005CF58B /* SDWebImageCompat.m */,
				62B30045184C3351005CF58B /* SDWebImageDecoder.h */,
				62B30046184C3351005CF58B /* SDWebImageDecoder.m */,
				62B30047184C3351005CF58B /* SDWebImageDownloader.h */,
				62B30048184C3351005CF58B /* SDWebImageDownloader.m */,
				62B30049184C3351005CF58B /* SDWebImageDownloaderOperation.h */,
				62B3004A184C3351005CF58B /* SDWebImageDownloaderOperation.m */,
				62B3004B184C3351005CF58B /* SDWebImageManager.h */,
				62B3004C184C3351005CF58B /* SDWebImageManager.m */,
				62B3004D184C3351005CF58B /* SDWebImageOperation.h */,
				62B3004E184C3351005CF58B /* SDWebImagePrefetcher.h */,
				62B3004F184C3351005CF58B /* SDWebImagePrefetcher.m */,
				62B30050184C3351005CF58B /* UIButton+WebCache.h */,
				62B30051184C3351005CF58B /* UIButton+WebCache.m */,
				62B30052184C3351005CF58B /* UIImage+GIF.h */,
				62B30053184C3351005CF58B /* UIImage+GIF.m */,
				62B30054184C3351005CF58B /* UIImage+MultiFormat.h */,
				62B30055184C3351005CF58B /* UIImage+MultiFormat.m */,
				62B30056184C3351005CF58B /* UIImage+WebP.h */,
				62B30057184C3351005CF58B /* UIImage+WebP.m */,
				62B30058184C3351005CF58B /* UIImageView+WebCache.h */,
				62B30059184C3351005CF58B /* UIImageView+WebCache.m */,
			);
			name = SDWebImage;
			path = Libraries/SDWebImage;
			sourceTree = SOURCE_ROOT;
		};
		62B44EF7184BC25A009B48F1 = {
			isa = PBXGroup;
			children = (
				62147FBE184E5242001EB162 /* podcast.sqlite */,
				62B44F09184BC25A009B48F1 /* PodcastExample */,
				62B44F28184BC25A009B48F1 /* PodcastExampleTests */,
				62B44F02184BC25A009B48F1 /* Frameworks */,
				62B44F01184BC25A009B48F1 /* Products */,
			);
			sourceTree = "<group>";
		};
		62B44F01184BC25A009B48F1 /* Products */ = {
			isa = PBXGroup;
			children = (
				62B44F00184BC25A009B48F1 /* PodcastExample.app */,
				62B44F21184BC25A009B48F1 /* PodcastExampleTests.xctest */,
			);
			name = Products;
			sourceTree = "<group>";
		};
		62B44F02184BC25A009B48F1 /* Frameworks */ = {
			isa = PBXGroup;
			children = (
				62147FBA184E4FDB001EB162 /* libsqlite3.dylib */,
				62B44F52184BE71D009B48F1 /* Libraries */,
				62B44F38184BC34F009B48F1 /* MediaPlayer.framework */,
				62B44F03184BC25A009B48F1 /* Foundation.framework */,
				62B44F05184BC25A009B48F1 /* CoreGraphics.framework */,
				62B44F07184BC25A009B48F1 /* UIKit.framework */,
				62B44F22184BC25A009B48F1 /* XCTest.framework */,
			);
			name = Frameworks;
			sourceTree = "<group>";
		};
		62B44F09184BC25A009B48F1 /* PodcastExample */ = {
			isa = PBXGroup;
			children = (
				62B44F12184BC25A009B48F1 /* PEAppDelegate.h */,
				62B44F13184BC25A009B48F1 /* PEAppDelegate.m */,
				62B44F15184BC25A009B48F1 /* Main.storyboard */,
				62B44F43184BDC54009B48F1 /* PEDetailViewController.h */,
				62B44F44184BDC54009B48F1 /* PEDetailViewController.m */,
				62B44F18184BC25A009B48F1 /* PEViewController.h */,
				62B44F19184BC25A009B48F1 /* PEViewController.m */,
				62B44F3A184BCDFC009B48F1 /* PEImageCell.h */,
				62B44F3B184BCDFC009B48F1 /* PEImageCell.m */,
				62B44F40184BD3A8009B48F1 /* Recourse */,
				62B44F1B184BC25A009B48F1 /* Images.xcassets */,
				62B44F0A184BC25A009B48F1 /* Supporting Files */,
			);
			path = PodcastExample;
			sourceTree = "<group>";
		};
		62B44F0A184BC25A009B48F1 /* Supporting Files */ = {
			isa = PBXGroup;
			children = (
				62B44F0B184BC25A009B48F1 /* PodcastExample-Info.plist */,
				62B44F0C184BC25A009B48F1 /* InfoPlist.strings */,
				62B44F0F184BC25A009B48F1 /* main.m */,
				62B44F11184BC25A009B48F1 /* PodcastExample-Prefix.pch */,
			);
			name = "Supporting Files";
			sourceTree = "<group>";
		};
		62B44F28184BC25A009B48F1 /* PodcastExampleTests */ = {
			isa = PBXGroup;
			children = (
				62B44F2E184BC25A009B48F1 /* PodcastExampleTests.m */,
				62B44F29184BC25A009B48F1 /* Supporting Files */,
			);
			path = PodcastExampleTests;
			sourceTree = "<group>";
		};
		62B44F29184BC25A009B48F1 /* Supporting Files */ = {
			isa = PBXGroup;
			children = (
				62B44F2A184BC25A009B48F1 /* PodcastExampleTests-Info.plist */,
				62B44F2B184BC25A009B48F1 /* InfoPlist.strings */,
			);
			name = "Supporting Files";
			sourceTree = "<group>";
		};
		62B44F40184BD3A8009B48F1 /* Recourse */ = {
			isa = PBXGroup;
			children = (
				62147F9D184D6A79001EB162 /* pause_button@2x.png */,
				62147F9E184D6A79001EB162 /* prev_button@2x.png */,
				62147F9F184D6A79001EB162 /* seeker@2x.png */,
				62147FA0184D6A79001EB162 /* skip_button@2x.png */,
				62B3008A184C34D5005CF58B /* image_border.png */,
				62B44F46184BE463009B48F1 /* bg_pattern@2x.png */,
				62B44F47184BE463009B48F1 /* nav_pattern@2x.png */,
				62B44F48184BE463009B48F1 /* pause_button.png */,
				62B44F49184BE463009B48F1 /* prev_button.png */,
				62B44F4A184BE463009B48F1 /* seeker.png */,
				62B44F4B184BE463009B48F1 /* skip_button.png */,
			);
			name = Recourse;
			path = ../Recourse;
			sourceTree = "<group>";
		};
		62B44F52184BE71D009B48F1 /* Libraries */ = {
			isa = PBXGroup;
			children = (
				62147FA5184E4EA0001EB162 /* fmdb */,
				62147F80184D68EB001EB162 /* AFNetworking */,
				62B30037184C3351005CF58B /* RSSParser */,
				62B3003C184C3351005CF58B /* SDWebImage */,
			);
			name = Libraries;
			path = ../../../Downloads/Libraries;
			sourceTree = "<group>";
		};
/* End PBXGroup section */

/* Begin PBXNativeTarget section */
		62B44EFF184BC25A009B48F1 /* PodcastExample */ = {
			isa = PBXNativeTarget;
			buildConfigurationList = 62B44F32184BC25A009B48F1 /* Build configuration list for PBXNativeTarget "PodcastExample" */;
			buildPhases = (
				62B44EFC184BC25A009B48F1 /* Sources */,
				62B44EFD184BC25A009B48F1 /* Frameworks */,
				62B44EFE184BC25A009B48F1 /* Resources */,
			);
			buildRules = (
			);
			dependencies = (
			);
			name = PodcastExample;
			productName = PodcastExample;
			productReference = 62B44F00184BC25A009B48F1 /* PodcastExample.app */;
			productType = "com.apple.product-type.application";
		};
		62B44F20184BC25A009B48F1 /* PodcastExampleTests */ = {
			isa = PBXNativeTarget;
			buildConfigurationList = 62B44F35184BC25A009B48F1 /* Build configuration list for PBXNativeTarget "PodcastExampleTests" */;
			buildPhases = (
				62B44F1D184BC25A009B48F1 /* Sources */,
				62B44F1E184BC25A009B48F1 /* Frameworks */,
				62B44F1F184BC25A009B48F1 /* Resources */,
			);
			buildRules = (
			);
			dependencies = (
				62B44F27184BC25A009B48F1 /* PBXTargetDependency */,
			);
			name = PodcastExampleTests;
			productName = PodcastExampleTests;
			productReference = 62B44F21184BC25A009B48F1 /* PodcastExampleTests.xctest */;
			productType = "com.apple.product-type.bundle.unit-test";
		};
/* End PBXNativeTarget section */

/* Begin PBXProject section */
		62B44EF8184BC25A009B48F1 /* Project object */ = {
			isa = PBXProject;
			attributes = {
				CLASSPREFIX = PE;
				LastUpgradeCheck = 0500;
				ORGANIZATIONNAME = "Aleksandr Fesenko";
				TargetAttributes = {
					62B44F20184BC25A009B48F1 = {
						TestTargetID = 62B44EFF184BC25A009B48F1;
					};
				};
			};
			buildConfigurationList = 62B44EFB184BC25A009B48F1 /* Build configuration list for PBXProject "PodcastExample" */;
			compatibilityVersion = "Xcode 3.2";
			developmentRegion = English;
			hasScannedForEncodings = 0;
			knownRegions = (
				en,
				Base,
			);
			mainGroup = 62B44EF7184BC25A009B48F1;
			productRefGroup = 62B44F01184BC25A009B48F1 /* Products */;
			projectDirPath = "";
			projectRoot = "";
			targets = (
				62B44EFF184BC25A009B48F1 /* PodcastExample */,
				62B44F20184BC25A009B48F1 /* PodcastExampleTests */,
			);
		};
/* End PBXProject section */

/* Begin PBXResourcesBuildPhase section */
		62B44EFE184BC25A009B48F1 /* Resources */ = {
			isa = PBXResourcesBuildPhase;
			buildActionMask = 2147483647;
			files = (
				62B44F1C184BC25A009B48F1 /* Images.xcassets in Resources */,
				62B44F4F184BE463009B48F1 /* prev_button.png in Resources */,
				62147FA3184D6A79001EB162 /* seeker@2x.png in Resources */,
				62147FA4184D6A79001EB162 /* skip_button@2x.png in Resources */,
				62B3008B184C34D5005CF58B /* image_border.png in Resources */,
				62147FA2184D6A79001EB162 /* prev_button@2x.png in Resources */,
				62B44F4C184BE463009B48F1 /* bg_pattern@2x.png in Resources */,
				62B44F51184BE463009B48F1 /* skip_button.png in Resources */,
				62B44F50184BE463009B48F1 /* seeker.png in Resources */,
				62B44F4D184BE463009B48F1 /* nav_pattern@2x.png in Resources */,
				62B44F4E184BE463009B48F1 /* pause_button.png in Resources */,
				62147FA1184D6A79001EB162 /* pause_button@2x.png in Resources */,
				62B44F0E184BC25A009B48F1 /* InfoPlist.strings in Resources */,
				62B44F17184BC25A009B48F1 /* Main.storyboard in Resources */,
				62147FBF184E5242001EB162 /* podcast.sqlite in Resources */,
			);
			runOnlyForDeploymentPostprocessing = 0;
		};
		62B44F1F184BC25A009B48F1 /* Resources */ = {
			isa = PBXResourcesBuildPhase;
			buildActionMask = 2147483647;
			files = (
				62B44F2D184BC25A009B48F1 /* InfoPlist.strings in Resources */,
			);
			runOnlyForDeploymentPostprocessing = 0;
		};
/* End PBXResourcesBuildPhase section */

/* Begin PBXSourcesBuildPhase section */
		62B44EFC184BC25A009B48F1 /* Sources */ = {
			isa = PBXSourcesBuildPhase;
			buildActionMask = 2147483647;
			files = (
				62B3007F184C3351005CF58B /* UIImage+GIF.m in Sources */,
				62B30082184C3351005CF58B /* UIImageView+WebCache.m in Sources */,
				62B30081184C3351005CF58B /* UIImage+WebP.m in Sources */,
				62B44F3C184BCDFC009B48F1 /* PEImageCell.m in Sources */,
				62147F99184D68EB001EB162 /* AFURLConnectionOperation.m in Sources */,
				62B30079184C3351005CF58B /* SDWebImageDecoder.m in Sources */,
				62147FB6184E4EA0001EB162 /* FMResultSet.m in Sources */,
				62B44F10184BC25A009B48F1 /* main.m in Sources */,
				62B3007E184C3351005CF58B /* UIButton+WebCache.m in Sources */,
				62B3007C184C3351005CF58B /* SDWebImageManager.m in Sources */,
				62B44F1A184BC25A009B48F1 /* PEViewController.m in Sources */,
				62B30074184C3351005CF58B /* RSSParser.m in Sources */,
				62147F94184D68EB001EB162 /* AFHTTPRequestOperation.m in Sources */,
				62B30073184C3351005CF58B /* RSSItem.m in Sources */,
				62147F97184D68EB001EB162 /* AFNetworkReachabilityManager.m in Sources */,
				62B3007A184C3351005CF58B /* SDWebImageDownloader.m in Sources */,
				62147F9C184D68EB001EB162 /* AFURLSessionManager.m in Sources */,
				62147FB3184E4EA0001EB162 /* FMDatabasePool.m in Sources */,
				62B3007D184C3351005CF58B /* SDWebImagePrefetcher.m in Sources */,
				62147F95184D68EB001EB162 /* AFHTTPRequestOperationManager.m in Sources */,
				62147F96184D68EB001EB162 /* AFHTTPSessionManager.m in Sources */,
				62B30076184C3351005CF58B /* NSData+GIF.m in Sources */,
				62147FB1184E4EA0001EB162 /* FMDatabase.m in Sources */,
				62147F9B184D68EB001EB162 /* AFURLResponseSerialization.m in Sources */,
				62147F9A184D68EB001EB162 /* AFURLRequestSerialization.m in Sources */,
				62147FB2184E4EA0001EB162 /* FMDatabaseAdditions.m in Sources */,
				62B30077184C3351005CF58B /* SDImageCache.m in Sources */,
				62147FB9184E4F77001EB162 /* FMDatabase+InMemoryOnDiskIO.m in Sources */,
				62B3007B184C3351005CF58B /* SDWebImageDownloaderOperation.m in Sources */,
				62B44F45184BDC54009B48F1 /* PEDetailViewController.m in Sources */,
				62B30075184C3351005CF58B /* MKAnnotationView+WebCache.m in Sources */,
				62147F98184D68EB001EB162 /* AFSecurityPolicy.m in Sources */,
				62B30080184C3351005CF58B /* UIImage+MultiFormat.m in Sources */,
				62147FB4184E4EA0001EB162 /* FMDatabaseQueue.m in Sources */,
				62B30078184C3351005CF58B /* SDWebImageCompat.m in Sources */,
				62B44F14184BC25A009B48F1 /* PEAppDelegate.m in Sources */,
			);
			runOnlyForDeploymentPostprocessing = 0;
		};
		62B44F1D184BC25A009B48F1 /* Sources */ = {
			isa = PBXSourcesBuildPhase;
			buildActionMask = 2147483647;
			files = (
				62B44F2F184BC25A009B48F1 /* PodcastExampleTests.m in Sources */,
			);
			runOnlyForDeploymentPostprocessing = 0;
		};
/* End PBXSourcesBuildPhase section */

/* Begin PBXTargetDependency section */
		62B44F27184BC25A009B48F1 /* PBXTargetDependency */ = {
			isa = PBXTargetDependency;
			target = 62B44EFF184BC25A009B48F1 /* PodcastExample */;
			targetProxy = 62B44F26184BC25A009B48F1 /* PBXContainerItemProxy */;
		};
/* End PBXTargetDependency section */

/* Begin PBXVariantGroup section */
		62B44F0C184BC25A009B48F1 /* InfoPlist.strings */ = {
			isa = PBXVariantGroup;
			children = (
				62B44F0D184BC25A009B48F1 /* en */,
			);
			name = InfoPlist.strings;
			sourceTree = "<group>";
		};
		62B44F15184BC25A009B48F1 /* Main.storyboard */ = {
			isa = PBXVariantGroup;
			children = (
				62B44F16184BC25A009B48F1 /* Base */,
			);
			name = Main.storyboard;
			sourceTree = "<group>";
		};
		62B44F2B184BC25A009B48F1 /* InfoPlist.strings */ = {
			isa = PBXVariantGroup;
			children = (
				62B44F2C184BC25A009B48F1 /* en */,
			);
			name = InfoPlist.strings;
			sourceTree = "<group>";
		};
/* End PBXVariantGroup section */

/* Begin XCBuildConfiguration section */
		62B44F30184BC25A009B48F1 /* Debug */ = {
			isa = XCBuildConfiguration;
			buildSettings = {
				ALWAYS_SEARCH_USER_PATHS = NO;
				ARCHS = "$(ARCHS_STANDARD_INCLUDING_64_BIT)";
				CLANG_CXX_LANGUAGE_STANDARD = "gnu++0x";
				CLANG_CXX_LIBRARY = "libc++";
				CLANG_ENABLE_MODULES = YES;
				CLANG_ENABLE_OBJC_ARC = YES;
				CLANG_WARN_BOOL_CONVERSION = YES;
				CLANG_WARN_CONSTANT_CONVERSION = YES;
				CLANG_WARN_DIRECT_OBJC_ISA_USAGE = YES_ERROR;
				CLANG_WARN_EMPTY_BODY = YES;
				CLANG_WARN_ENUM_CONVERSION = YES;
				CLANG_WARN_INT_CONVERSION = YES;
				CLANG_WARN_OBJC_ROOT_CLASS = YES_ERROR;
				CLANG_WARN__DUPLICATE_METHOD_MATCH = YES;
				"CODE_SIGN_IDENTITY[sdk=iphoneos*]" = "iPhone Developer";
				COPY_PHASE_STRIP = NO;
				GCC_C_LANGUAGE_STANDARD = gnu99;
				GCC_DYNAMIC_NO_PIC = NO;
				GCC_OPTIMIZATION_LEVEL = 0;
				GCC_PREPROCESSOR_DEFINITIONS = (
					"DEBUG=1",
					"$(inherited)",
				);
				GCC_SYMBOLS_PRIVATE_EXTERN = NO;
				GCC_WARN_64_TO_32_BIT_CONVERSION = YES;
				GCC_WARN_ABOUT_RETURN_TYPE = YES_ERROR;
				GCC_WARN_UNDECLARED_SELECTOR = YES;
				GCC_WARN_UNINITIALIZED_AUTOS = YES;
				GCC_WARN_UNUSED_FUNCTION = YES;
				GCC_WARN_UNUSED_VARIABLE = YES;
				IPHONEOS_DEPLOYMENT_TARGET = 7.0;
				ONLY_ACTIVE_ARCH = YES;
				SDKROOT = iphoneos;
			};
			name = Debug;
		};
		62B44F31184BC25A009B48F1 /* Release */ = {
			isa = XCBuildConfiguration;
			buildSettings = {
				ALWAYS_SEARCH_USER_PATHS = NO;
				ARCHS = "$(ARCHS_STANDARD_INCLUDING_64_BIT)";
				CLANG_CXX_LANGUAGE_STANDARD = "gnu++0x";
				CLANG_CXX_LIBRARY = "libc++";
				CLANG_ENABLE_MODULES = YES;
				CLANG_ENABLE_OBJC_ARC = YES;
				CLANG_WARN_BOOL_CONVERSION = YES;
				CLANG_WARN_CONSTANT_CONVERSION = YES;
				CLANG_WARN_DIRECT_OBJC_ISA_USAGE = YES_ERROR;
				CLANG_WARN_EMPTY_BODY = YES;
				CLANG_WARN_ENUM_CONVERSION = YES;
				CLANG_WARN_INT_CONVERSION = YES;
				CLANG_WARN_OBJC_ROOT_CLASS = YES_ERROR;
				CLANG_WARN__DUPLICATE_METHOD_MATCH = YES;
				"CODE_SIGN_IDENTITY[sdk=iphoneos*]" = "iPhone Developer";
				COPY_PHASE_STRIP = YES;
				ENABLE_NS_ASSERTIONS = NO;
				GCC_C_LANGUAGE_STANDARD = gnu99;
				GCC_WARN_64_TO_32_BIT_CONVERSION = YES;
				GCC_WARN_ABOUT_RETURN_TYPE = YES_ERROR;
				GCC_WARN_UNDECLARED_SELECTOR = YES;
				GCC_WARN_UNINITIALIZED_AUTOS = YES;
				GCC_WARN_UNUSED_FUNCTION = YES;
				GCC_WARN_UNUSED_VARIABLE = YES;
				IPHONEOS_DEPLOYMENT_TARGET = 7.0;
				SDKROOT = iphoneos;
				VALIDATE_PRODUCT = YES;
			};
			name = Release;
		};
		62B44F33184BC25A009B48F1 /* Debug */ = {
			isa = XCBuildConfiguration;
			buildSettings = {
				ASSETCATALOG_COMPILER_APPICON_NAME = AppIcon;
				ASSETCATALOG_COMPILER_LAUNCHIMAGE_NAME = LaunchImage;
				GCC_PRECOMPILE_PREFIX_HEADER = YES;
				GCC_PREFIX_HEADER = "PodcastExample/PodcastExample-Prefix.pch";
				INFOPLIST_FILE = "PodcastExample/PodcastExample-Info.plist";
				IPHONEOS_DEPLOYMENT_TARGET = 7.0;
				PRODUCT_NAME = "$(TARGET_NAME)";
				TARGETED_DEVICE_FAMILY = 1;
				WRAPPER_EXTENSION = app;
			};
			name = Debug;
		};
		62B44F34184BC25A009B48F1 /* Release */ = {
			isa = XCBuildConfiguration;
			buildSettings = {
				ASSETCATALOG_COMPILER_APPICON_NAME = AppIcon;
				ASSETCATALOG_COMPILER_LAUNCHIMAGE_NAME = LaunchImage;
				GCC_PRECOMPILE_PREFIX_HEADER = YES;
				GCC_PREFIX_HEADER = "PodcastExample/PodcastExample-Prefix.pch";
				INFOPLIST_FILE = "PodcastExample/PodcastExample-Info.plist";
				IPHONEOS_DEPLOYMENT_TARGET = 7.0;
				PRODUCT_NAME = "$(TARGET_NAME)";
				TARGETED_DEVICE_FAMILY = 1;
				WRAPPER_EXTENSION = app;
			};
			name = Release;
		};
		62B44F36184BC25A009B48F1 /* Debug */ = {
			isa = XCBuildConfiguration;
			buildSettings = {
				ARCHS = "$(ARCHS_STANDARD_INCLUDING_64_BIT)";
				BUNDLE_LOADER = "$(BUILT_PRODUCTS_DIR)/PodcastExample.app/PodcastExample";
				FRAMEWORK_SEARCH_PATHS = (
					"$(SDKROOT)/Developer/Library/Frameworks",
					"$(inherited)",
					"$(DEVELOPER_FRAMEWORKS_DIR)",
				);
				GCC_PRECOMPILE_PREFIX_HEADER = YES;
				GCC_PREFIX_HEADER = "PodcastExample/PodcastExample-Prefix.pch";
				GCC_PREPROCESSOR_DEFINITIONS = (
					"DEBUG=1",
					"$(inherited)",
				);
				INFOPLIST_FILE = "PodcastExampleTests/PodcastExampleTests-Info.plist";
				PRODUCT_NAME = "$(TARGET_NAME)";
				TEST_HOST = "$(BUNDLE_LOADER)";
				WRAPPER_EXTENSION = xctest;
			};
			name = Debug;
		};
		62B44F37184BC25A009B48F1 /* Release */ = {
			isa = XCBuildConfiguration;
			buildSettings = {
				ARCHS = "$(ARCHS_STANDARD_INCLUDING_64_BIT)";
				BUNDLE_LOADER = "$(BUILT_PRODUCTS_DIR)/PodcastExample.app/PodcastExample";
				FRAMEWORK_SEARCH_PATHS = (
					"$(SDKROOT)/Developer/Library/Frameworks",
					"$(inherited)",
					"$(DEVELOPER_FRAMEWORKS_DIR)",
				);
				GCC_PRECOMPILE_PREFIX_HEADER = YES;
				GCC_PREFIX_HEADER = "PodcastExample/PodcastExample-Prefix.pch";
				INFOPLIST_FILE = "PodcastExampleTests/PodcastExampleTests-Info.plist";
				PRODUCT_NAME = "$(TARGET_NAME)";
				TEST_HOST = "$(BUNDLE_LOADER)";
				WRAPPER_EXTENSION = xctest;
			};
			name = Release;
		};
/* End XCBuildConfiguration section */

/* Begin XCConfigurationList section */
		62B44EFB184BC25A009B48F1 /* Build configuration list for PBXProject "PodcastExample" */ = {
			isa = XCConfigurationList;
			buildConfigurations = (
				62B44F30184BC25A009B48F1 /* Debug */,
				62B44F31184BC25A009B48F1 /* Release */,
			);
			defaultConfigurationIsVisible = 0;
			defaultConfigurationName = Release;
		};
		62B44F32184BC25A009B48F1 /* Build configuration list for PBXNativeTarget "PodcastExample" */ = {
			isa = XCConfigurationList;
			buildConfigurations = (
				62B44F33184BC25A009B48F1 /* Debug */,
				62B44F34184BC25A009B48F1 /* Release */,
			);
			defaultConfigurationIsVisible = 0;
			defaultConfigurationName = Release;
		};
		62B44F35184BC25A009B48F1 /* Build configuration list for PBXNativeTarget "PodcastExampleTests" */ = {
			isa = XCConfigurationList;
			buildConfigurations = (
				62B44F36184BC25A009B48F1 /* Debug */,
				62B44F37184BC25A009B48F1 /* Release */,
			);
			defaultConfigurationIsVisible = 0;
			defaultConfigurationName = Release;
		};
/* End XCConfigurationList section */
	};
	rootObject = 62B44EF8184BC25A009B48F1 /* Project object */;
}
